{
  "name": "keyv-memjs",
  "version": "1.0.0",
  "lockfileVersion": 1,
  "requires": true,
  "dependencies": {
    "memjs": {
      "version": "1.2.0",
      "resolved": "https://registry.npmjs.org/memjs/-/memjs-1.2.0.tgz",
      "integrity": "sha512-FLdqY/9aRcU0i/gfYHdzzuN6BNa7ZrVgVT/xeVr4Y+nV5f1IzOPzDdV+LLqWK0hWv4mBjRPOjciq3V8s3C8ajg=="
    },
    "pify": {
      "version": "3.0.0",
      "resolved": "https://registry.npmjs.org/pify/-/pify-3.0.0.tgz",
      "integrity": "sha1-5aSs0sEB/fPZpNB/DbxNtJ3SgXY="
    }
  }
}
